
Microsoft Visual Studio Solution File, Format Version 12.00
# Visual Studio Version 17
VisualStudioVersion = 17.0.32112.339
MinimumVisualStudioVersion = 10.0.40219.1
Project("{FAE04EC0-301F-11D3-BF4B-00C04F79EFBC}") = "NuclearReactor", "NuclearReactor\NuclearReactor.csproj", "{4DC9C91B-B805-4708-8446-86ABA4B2CDA7}"
EndProject
Global
	GlobalSection(SolutionConfigurationPlatforms) = preSolution
		Debug|Any CPU = Debug|Any CPU
		Release|Any CPU = Release|Any CPU
	EndGlobalSection
	GlobalSection(ProjectConfigurationPlatforms) = postSolution
		{4DC9C91B-B805-4708-8446-86ABA4B2CDA7}.Debug|Any CPU.ActiveCfg = Debug|Any CPU
		{4DC9C91B-B805-4708-8446-86ABA4B2CDA7}.Debug|Any CPU.Build.0 = Debug|Any CPU
		{4DC9C91B-B805-4708-8446-86ABA4B2CDA7}.Release|Any CPU.ActiveCfg = Release|Any CPU
		{4DC9C91B-B805-4708-8446-86ABA4B2CDA7}.Release|Any CPU.Build.0 = Release|Any CPU
	EndGlobalSection
	GlobalSection(SolutionProperties) = preSolution
		HideSolutionNode = FALSE
	EndGlobalSection
	GlobalSection(ExtensibilityGlobals) = postSolution
		SolutionGuid = {34601FE0-3CA6-4277-8383-6D3B7A6B802A}
	EndGlobalSection
EndGlobal
